// !$*UTF8*$!
{
	archiveVersion = 1;
	classes = {
	};
	objectVersion = 56;
	objects = {

/* Begin PBXBuildFile section */
		172E159F28EED063003CF231 /* BullEyeApp.swift in Sources */ = {isa = PBXBuildFile; fileRef = 172E159E28EED063003CF231 /* BullEyeApp.swift */; };
		172E15A128EED063003CF231 /* ContentView.swift in Sources */ = {isa = PBXBuildFile; fileRef = 172E15A028EED063003CF231 /* ContentView.swift */; };
		172E15A328EED063003CF231 /* Assets.xcassets in Resources */ = {isa = PBXBuildFile; fileRef = 172E15A228EED063003CF231 /* Assets.xcassets */; };
		172E15A628EED063003CF231 /* Preview Assets.xcassets in Resources */ = {isa = PBXBuildFile; fileRef = 172E15A528EED063003CF231 /* Preview Assets.xcassets */; };
		172E15B028EED064003CF231 /* BullEyeTests.swift in Sources */ = {isa = PBXBuildFile; fileRef = 172E15AF28EED064003CF231 /* BullEyeTests.swift */; };
		172E15BA28EED064003CF231 /* BullEyeUITests.swift in Sources */ = {isa = PBXBuildFile; fileRef = 172E15B928EED064003CF231 /* BullEyeUITests.swift */; };
		172E15BC28EED064003CF231 /* BullEyeUITestsLaunchTests.swift in Sources */ = {isa = PBXBuildFile; fileRef = 172E15BB28EED064003CF231 /* BullEyeUITestsLaunchTests.swift */; };
		17381B89291064EC00BD2163 /* TextViews.swift in Sources */ = {isa = PBXBuildFile; fileRef = 17381B88291064EC00BD2163 /* TextViews.swift */; };
		176B701429005670001D7230 /* Game.swift in Sources */ = {isa = PBXBuildFile; fileRef = 176B701329005670001D7230 /* Game.swift */; };
		541E82F32928C0BF00848B9D /* RoundedImageViewStroked.swift in Sources */ = {isa = PBXBuildFile; fileRef = 541E82F22928C0BF00848B9D /* RoundedImageViewStroked.swift */; };
		541F3EED2933439C0039A07C /* ResultPointsView.swift in Sources */ = {isa = PBXBuildFile; fileRef = 541F3EEC2933439C0039A07C /* ResultPointsView.swift */; };
		5474E7C02917BB340081D1D1 /* Shapes.swift in Sources */ = {isa = PBXBuildFile; fileRef = 5474E7BF2917BB340081D1D1 /* Shapes.swift */; };
		54E3F5E42928E9FB007F5BC2 /* BackgroundView.swift in Sources */ = {isa = PBXBuildFile; fileRef = 54E3F5E32928E9FB007F5BC2 /* BackgroundView.swift */; };
/* End PBXBuildFile section */

/* Begin PBXContainerItemProxy section */
		172E15AC28EED063003CF231 /* PBXContainerItemProxy */ = {
			isa = PBXContainerItemProxy;
			containerPortal = 172E159328EED063003CF231 /* Project object */;
			proxyType = 1;
			remoteGlobalIDString = 172E159A28EED063003CF231;
			remoteInfo = BullEye;
		};
		172E15B628EED064003CF231 /* PBXContainerItemProxy */ = {
			isa = PBXContainerItemProxy;
			containerPortal = 172E159328EED063003CF231 /* Project object */;
			proxyType = 1;
			remoteGlobalIDString = 172E159A28EED063003CF231;
			remoteInfo = BullEye;
		};
/* End PBXContainerItemProxy section */

/* Begin PBXFileReference section */
		172E159B28EED063003CF231 /* BullEye.app */ = {isa = PBXFileReference; explicitFileType = wrapper.application; includeInIndex = 0; path = BullEye.app; sourceTree = BUILT_PRODUCTS_DIR; };
		172E159E28EED063003CF231 /* BullEyeApp.swift */ = {isa = PBXFileReference; lastKnownFileType = sourcecode.swift; path = BullEyeApp.swift; sourceTree = "<group>"; };
		172E15A028EED063003CF231 /* ContentView.swift */ = {isa = PBXFileReference; lastKnownFileType = sourcecode.swift; path = ContentView.swift; sourceTree = "<group>"; };
		172E15A228EED063003CF231 /* Assets.xcassets */ = {isa = PBXFileReference; lastKnownFileType = folder.assetcatalog; path = Assets.xcassets; sourceTree = "<group>"; };
		172E15A528EED063003CF231 /* Preview Assets.xcassets */ = {isa = PBXFileReference; lastKnownFileType = folder.assetcatalog; path = "Preview Assets.xcassets"; sourceTree = "<group>"; };
		172E15AB28EED063003CF231 /* BullEyeTests.xctest */ = {isa = PBXFileReference; explicitFileType = wrapper.cfbundle; includeInIndex = 0; path = BullEyeTests.xctest; sourceTree = BUILT_PRODUCTS_DIR; };
		172E15AF28EED064003CF231 /* BullEyeTests.swift */ = {isa = PBXFileReference; lastKnownFileType = sourcecode.swift; path = BullEyeTests.swift; sourceTree = "<group>"; };
		172E15B528EED064003CF231 /* BullEyeUITests.xctest */ = {isa = PBXFileReference; explicitFileType = wrapper.cfbundle; includeInIndex = 0; path = BullEyeUITests.xctest; sourceTree = BUILT_PRODUCTS_DIR; };
		172E15B928EED064003CF231 /* BullEyeUITests.swift */ = {isa = PBXFileReference; lastKnownFileType = sourcecode.swift; path = BullEyeUITests.swift; sourceTree = "<group>"; };
		172E15BB28EED064003CF231 /* BullEyeUITestsLaunchTests.swift */ = {isa = PBXFileReference; lastKnownFileType = sourcecode.swift; path = BullEyeUITestsLaunchTests.swift; sourceTree = "<group>"; };
		17381B88291064EC00BD2163 /* TextViews.swift */ = {isa = PBXFileReference; lastKnownFileType = sourcecode.swift; path = TextViews.swift; sourceTree = "<group>"; };
		176B701329005670001D7230 /* Game.swift */ = {isa = PBXFileReference; lastKnownFileType = sourcecode.swift; path = Game.swift; sourceTree = "<group>"; };
		541E82F22928C0BF00848B9D /* RoundedImageViewStroked.swift */ = {isa = PBXFileReference; lastKnownFileType = sourcecode.swift; path = RoundedImageViewStroked.swift; sourceTree = "<group>"; };
		541F3EEC2933439C0039A07C /* ResultPointsView.swift */ = {isa = PBXFileReference; lastKnownFileType = sourcecode.swift; path = ResultPointsView.swift; sourceTree = "<group>"; };
		5474E7BF2917BB340081D1D1 /* Shapes.swift */ = {isa = PBXFileReference; lastKnownFileType = sourcecode.swift; path = Shapes.swift; sourceTree = "<group>"; };
		54E3F5E32928E9FB007F5BC2 /* BackgroundView.swift */ = {isa = PBXFileReference; lastKnownFileType = sourcecode.swift; path = BackgroundView.swift; sourceTree = "<group>"; };
/* End PBXFileReference section */

/* Begin PBXFrameworksBuildPhase section */
		172E159828EED063003CF231 /* Frameworks */ = {
			isa = PBXFrameworksBuildPhase;
			buildActionMask = 2147483647;
			files = (
			);
			runOnlyForDeploymentPostprocessing = 0;
		};
		172E15A828EED063003CF231 /* Frameworks */ = {
			isa = PBXFrameworksBuildPhase;
			buildActionMask = 2147483647;
			files = (
			);
			runOnlyForDeploymentPostprocessing = 0;
		};
		172E15B228EED064003CF231 /* Frameworks */ = {
			isa = PBXFrameworksBuildPhase;
			buildActionMask = 2147483647;
			files = (
			);
			runOnlyForDeploymentPostprocessing = 0;
		};
/* End PBXFrameworksBuildPhase section */

/* Begin PBXGroup section */
		172E159228EED063003CF231 = {
			isa = PBXGroup;
			children = (
				172E159D28EED063003CF231 /* BullEye */,
				172E15AE28EED063003CF231 /* BullEyeTests */,
				172E15B828EED064003CF231 /* BullEyeUITests */,
				172E159C28EED063003CF231 /* Products */,
			);
			sourceTree = "<group>";
		};
		172E159C28EED063003CF231 /* Products */ = {
			isa = PBXGroup;
			children = (
				172E159B28EED063003CF231 /* BullEye.app */,
				172E15AB28EED063003CF231 /* BullEyeTests.xctest */,
				172E15B528EED064003CF231 /* BullEyeUITests.xctest */,
			);
			name = Products;
			sourceTree = "<group>";
		};
		172E159D28EED063003CF231 /* BullEye */ = {
			isa = PBXGroup;
			children = (
				176B7012290053E9001D7230 /* App */,
				176B70112900539D001D7230 /* Views */,
				176B701029005391001D7230 /* Models */,
				172E15A428EED063003CF231 /* Preview Content */,
			);
			path = BullEye;
			sourceTree = "<group>";
		};
		172E15A428EED063003CF231 /* Preview Content */ = {
			isa = PBXGroup;
			children = (
				172E15A528EED063003CF231 /* Preview Assets.xcassets */,
			);
			path = "Preview Content";
			sourceTree = "<group>";
		};
		172E15AE28EED063003CF231 /* BullEyeTests */ = {
			isa = PBXGroup;
			children = (
				172E15AF28EED064003CF231 /* BullEyeTests.swift */,
			);
			path = BullEyeTests;
			sourceTree = "<group>";
		};
		172E15B828EED064003CF231 /* BullEyeUITests */ = {
			isa = PBXGroup;
			children = (
				172E15B928EED064003CF231 /* BullEyeUITests.swift */,
				172E15BB28EED064003CF231 /* BullEyeUITestsLaunchTests.swift */,
			);
			path = BullEyeUITests;
			sourceTree = "<group>";
		};
		176B701029005391001D7230 /* Models */ = {
			isa = PBXGroup;
			children = (
				176B701329005670001D7230 /* Game.swift */,
			);
			path = Models;
			sourceTree = "<group>";
		};
		176B70112900539D001D7230 /* Views */ = {
			isa = PBXGroup;
			children = (
				172E15A028EED063003CF231 /* ContentView.swift */,
				541F3EEC2933439C0039A07C /* ResultPointsView.swift */,
				54E3F5E32928E9FB007F5BC2 /* BackgroundView.swift */,
				17381B88291064EC00BD2163 /* TextViews.swift */,
				5474E7BF2917BB340081D1D1 /* Shapes.swift */,
				541E82F22928C0BF00848B9D /* RoundedImageViewStroked.swift */,
			);
			path = Views;
			sourceTree = "<group>";
		};
		176B7012290053E9001D7230 /* App */ = {
			isa = PBXGroup;
			children = (
				172E159E28EED063003CF231 /* BullEyeApp.swift */,
				172E15A228EED063003CF231 /* Assets.xcassets */,
			);
			path = App;
			sourceTree = "<group>";
		};
/* End PBXGroup section */

/* Begin PBXNativeTarget section */
		172E159A28EED063003CF231 /* BullEye */ = {
			isa = PBXNativeTarget;
			buildConfigurationList = 172E15BF28EED064003CF231 /* Build configuration list for PBXNativeTarget "BullEye" */;
			buildPhases = (
				172E159728EED063003CF231 /* Sources */,
				172E159828EED063003CF231 /* Frameworks */,
				172E159928EED063003CF231 /* Resources */,
			);
			buildRules = (
			);
			dependencies = (
			);
			name = BullEye;
			productName = BullEye;
			productReference = 172E159B28EED063003CF231 /* BullEye.app */;
			productType = "com.apple.product-type.application";
		};
		172E15AA28EED063003CF231 /* BullEyeTests */ = {
			isa = PBXNativeTarget;
			buildConfigurationList = 172E15C228EED064003CF231 /* Build configuration list for PBXNativeTarget "BullEyeTests" */;
			buildPhases = (
				172E15A728EED063003CF231 /* Sources */,
				172E15A828EED063003CF231 /* Frameworks */,
				172E15A928EED063003CF231 /* Resources */,
			);
			buildRules = (
			);
			dependencies = (
				172E15AD28EED063003CF231 /* PBXTargetDependency */,
			);
			name = BullEyeTests;
			productName = BullEyeTests;
			productReference = 172E15AB28EED063003CF231 /* BullEyeTests.xctest */;
			productType = "com.apple.product-type.bundle.unit-test";
		};
		172E15B428EED064003CF231 /* BullEyeUITests */ = {
			isa = PBXNativeTarget;
			buildConfigurationList = 172E15C528EED064003CF231 /* Build configuration list for PBXNativeTarget "BullEyeUITests" */;
			buildPhases = (
				172E15B128EED064003CF231 /* Sources */,
				172E15B228EED064003CF231 /* Frameworks */,
				172E15B328EED064003CF231 /* Resources */,
			);
			buildRules = (
			);
			dependencies = (
				172E15B728EED064003CF231 /* PBXTargetDependency */,
			);
			name = BullEyeUITests;
			productName = BullEyeUITests;
			productReference = 172E15B528EED064003CF231 /* BullEyeUITests.xctest */;
			productType = "com.apple.product-type.bundle.ui-testing";
		};
/* End PBXNativeTarget section */

/* Begin PBXProject section */
		172E159328EED063003CF231 /* Project object */ = {
			isa = PBXProject;
			attributes = {
				BuildIndependentTargetsInParallel = 1;
				LastSwiftUpdateCheck = 1400;
				LastUpgradeCheck = 1400;
				TargetAttributes = {
					172E159A28EED063003CF231 = {
						CreatedOnToolsVersion = 14.0.1;
					};
					172E15AA28EED063003CF231 = {
						CreatedOnToolsVersion = 14.0.1;
						TestTargetID = 172E159A28EED063003CF231;
					};
					172E15B428EED064003CF231 = {
						CreatedOnToolsVersion = 14.0.1;
						TestTargetID = 172E159A28EED063003CF231;
					};
				};
			};
			buildConfigurationList = 172E159628EED063003CF231 /* Build configuration list for PBXProject "BullEye" */;
			compatibilityVersion = "Xcode 14.0";
			developmentRegion = en;
			hasScannedForEncodings = 0;
			knownRegions = (
				en,
				Base,
			);
			mainGroup = 172E159228EED063003CF231;
			productRefGroup = 172E159C28EED063003CF231 /* Products */;
			projectDirPath = "";
			projectRoot = "";
			targets = (
				172E159A28EED063003CF231 /* BullEye */,
				172E15AA28EED063003CF231 /* BullEyeTests */,
				172E15B428EED064003CF231 /* BullEyeUITests */,
			);
		};
/* End PBXProject section */

/* Begin PBXResourcesBuildPhase section */
		172E159928EED063003CF231 /* Resources */ = {
			isa = PBXResourcesBuildPhase;
			buildActionMask = 2147483647;
			files = (
				172E15A628EED063003CF231 /* Preview Assets.xcassets in Resources */,
				172E15A328EED063003CF231 /* Assets.xcassets in Resources */,
			);
			runOnlyForDeploymentPostprocessing = 0;
		};
		172E15A928EED063003CF231 /* Resources */ = {
			isa = PBXResourcesBuildPhase;
			buildActionMask = 2147483647;
			files = (
			);
			runOnlyForDeploymentPostprocessing = 0;
		};
		172E15B328EED064003CF231 /* Resources */ = {
			isa = PBXResourcesBuildPhase;
			buildActionMask = 2147483647;
			files = (
			);
			runOnlyForDeploymentPostprocessing = 0;
		};
/* End PBXResourcesBuildPhase section */

/* Begin PBXSourcesBuildPhase section */
		172E159728EED063003CF231 /* Sources */ = {
			isa = PBXSourcesBuildPhase;
			buildActionMask = 2147483647;
			files = (
				172E15A128EED063003CF231 /* ContentView.swift in Sources */,
				17381B89291064EC00BD2163 /* TextViews.swift in Sources */,
				541F3EED2933439C0039A07C /* ResultPointsView.swift in Sources */,
				54E3F5E42928E9FB007F5BC2 /* BackgroundView.swift in Sources */,
				176B701429005670001D7230 /* Game.swift in Sources */,
				172E159F28EED063003CF231 /* BullEyeApp.swift in Sources */,
				5474E7C02917BB340081D1D1 /* Shapes.swift in Sources */,
				541E82F32928C0BF00848B9D /* RoundedImageViewStroked.swift in Sources */,
			);
			runOnlyForDeploymentPostprocessing = 0;
		};
		172E15A728EED063003CF231 /* Sources */ = {
			isa = PBXSourcesBuildPhase;
			buildActionMask = 2147483647;
			files = (
				172E15B028EED064003CF231 /* BullEyeTests.swift in Sources */,
			);
			runOnlyForDeploymentPostprocessing = 0;
		};
		172E15B128EED064003CF231 /* Sources */ = {
			isa = PBXSourcesBuildPhase;
			buildActionMask = 2147483647;
			files = (
				172E15BA28EED064003CF231 /* BullEyeUITests.swift in Sources */,
				172E15BC28EED064003CF231 /* BullEyeUITestsLaunchTests.swift in Sources */,
			);
			runOnlyForDeploymentPostprocessing = 0;
		};
/* End PBXSourcesBuildPhase section */

/* Begin PBXTargetDependency section */
		172E15AD28EED063003CF231 /* PBXTargetDependency */ = {
			isa = PBXTargetDependency;
			target = 172E159A28EED063003CF231 /* BullEye */;
			targetProxy = 172E15AC28EED063003CF231 /* PBXContainerItemProxy */;
		};
		172E15B728EED064003CF231 /* PBXTargetDependency */ = {
			isa = PBXTargetDependency;
			target = 172E159A28EED063003CF231 /* BullEye */;
			targetProxy = 172E15B628EED064003CF231 /* PBXContainerItemProxy */;
		};
/* End PBXTargetDependency section */

/* Begin XCBuildConfiguration section */
		172E15BD28EED064003CF231 /* Debug */ = {
			isa = XCBuildConfiguration;
			buildSettings = {
				ALWAYS_SEARCH_USER_PATHS = NO;
				CLANG_ANALYZER_NONNULL = YES;
				CLANG_ANALYZER_NUMBER_OBJECT_CONVERSION = YES_AGGRESSIVE;
				CLANG_CXX_LANGUAGE_STANDARD = "gnu++20";
				CLANG_ENABLE_MODULES = YES;
				CLANG_ENABLE_OBJC_ARC = YES;
				CLANG_ENABLE_OBJC_WEAK = YES;
				CLANG_WARN_BLOCK_CAPTURE_AUTORELEASING = YES;
				CLANG_WARN_BOOL_CONVERSION = YES;
				CLANG_WARN_COMMA = YES;
				CLANG_WARN_CONSTANT_CONVERSION = YES;
				CLANG_WARN_DEPRECATED_OBJC_IMPLEMENTATIONS = YES;
				CLANG_WARN_DIRECT_OBJC_ISA_USAGE = YES_ERROR;
				CLANG_WARN_DOCUMENTATION_COMMENTS = YES;
				CLANG_WARN_EMPTY_BODY = YES;
				CLANG_WARN_ENUM_CONVERSION = YES;
				CLANG_WARN_INFINITE_RECURSION = YES;
				CLANG_WARN_INT_CONVERSION = YES;
				CLANG_WARN_NON_LITERAL_NULL_CONVERSION = YES;
				CLANG_WARN_OBJC_IMPLICIT_RETAIN_SELF = YES;
				CLANG_WARN_OBJC_LITERAL_CONVERSION = YES;
				CLANG_WARN_OBJC_ROOT_CLASS = YES_ERROR;
				CLANG_WARN_QUOTED_INCLUDE_IN_FRAMEWORK_HEADER = YES;
				CLANG_WARN_RANGE_LOOP_ANALYSIS = YES;
				CLANG_WARN_STRICT_PROTOTYPES = YES;
				CLANG_WARN_SUSPICIOUS_MOVE = YES;
				CLANG_WARN_UNGUARDED_AVAILABILITY = YES_AGGRESSIVE;
				CLANG_WARN_UNREACHABLE_CODE = YES;
				CLANG_WARN__DUPLICATE_METHOD_MATCH = YES;
				COPY_PHASE_STRIP = NO;
				DEBUG_INFORMATION_FORMAT = dwarf;
				ENABLE_STRICT_OBJC_MSGSEND = YES;
				ENABLE_TESTABILITY = YES;
				GCC_C_LANGUAGE_STANDARD = gnu11;
				GCC_DYNAMIC_NO_PIC = NO;
				GCC_NO_COMMON_BLOCKS = YES;
				GCC_OPTIMIZATION_LEVEL = 0;
				GCC_PREPROCESSOR_DEFINITIONS = (
					"DEBUG=1",
					"$(inherited)",
				);
				GCC_WARN_64_TO_32_BIT_CONVERSION = YES;
				GCC_WARN_ABOUT_RETURN_TYPE = YES_ERROR;
				GCC_WARN_UNDECLARED_SELECTOR = YES;
				GCC_WARN_UNINITIALIZED_AUTOS = YES_AGGRESSIVE;
				GCC_WARN_UNUSED_FUNCTION = YES;
				GCC_WARN_UNUSED_VARIABLE = YES;
				IPHONEOS_DEPLOYMENT_TARGET = 16.0;
				MTL_ENABLE_DEBUG_INFO = INCLUDE_SOURCE;
				MTL_FAST_MATH = YES;
				ONLY_ACTIVE_ARCH = YES;
				SDKROOT = iphoneos;
				SWIFT_ACTIVE_COMPILATION_CONDITIONS = DEBUG;
				SWIFT_OPTIMIZATION_LEVEL = "-Onone";
			};
			name = Debug;
		};
		172E15BE28EED064003CF231 /* Release */ = {
			isa = XCBuildConfiguration;
			buildSettings = {
				ALWAYS_SEARCH_USER_PATHS = NO;
				CLANG_ANALYZER_NONNULL = YES;
				CLANG_ANALYZER_NUMBER_OBJECT_CONVERSION = YES_AGGRESSIVE;
				CLANG_CXX_LANGUAGE_STANDARD = "gnu++20";
				CLANG_ENABLE_MODULES = YES;
				CLANG_ENABLE_OBJC_ARC = YES;
				CLANG_ENABLE_OBJC_WEAK = YES;
				CLANG_WARN_BLOCK_CAPTURE_AUTORELEASING = YES;
				CLANG_WARN_BOOL_CONVERSION = YES;
				CLANG_WARN_COMMA = YES;
				CLANG_WARN_CONSTANT_CONVERSION = YES;
				CLANG_WARN_DEPRECATED_OBJC_IMPLEMENTATIONS = YES;
				CLANG_WARN_DIRECT_OBJC_ISA_USAGE = YES_ERROR;
				CLANG_WARN_DOCUMENTATION_COMMENTS = YES;
				CLANG_WARN_EMPTY_BODY = YES;
				CLANG_WARN_ENUM_CONVERSION = YES;
				CLANG_WARN_INFINITE_RECURSION = YES;
				CLANG_WARN_INT_CONVERSION = YES;
				CLANG_WARN_NON_LITERAL_NULL_CONVERSION = YES;
				CLANG_WARN_OBJC_IMPLICIT_RETAIN_SELF = YES;
				CLANG_WARN_OBJC_LITERAL_CONVERSION = YES;
				CLANG_WARN_OBJC_ROOT_CLASS = YES_ERROR;
				CLANG_WARN_QUOTED_INCLUDE_IN_FRAMEWORK_HEADER = YES;
				CLANG_WARN_RANGE_LOOP_ANALYSIS = YES;
				CLANG_WARN_STRICT_PROTOTYPES = YES;
				CLANG_WARN_SUSPICIOUS_MOVE = YES;
				CLANG_WARN_UNGUARDED_AVAILABILITY = YES_AGGRESSIVE;
				CLANG_WARN_UNREACHABLE_CODE = YES;
				CLANG_WARN__DUPLICATE_METHOD_MATCH = YES;
				COPY_PHASE_STRIP = NO;
				DEBUG_INFORMATION_FORMAT = "dwarf-with-dsym";
				ENABLE_NS_ASSERTIONS = NO;
				ENABLE_STRICT_OBJC_MSGSEND = YES;
				GCC_C_LANGUAGE_STANDARD = gnu11;
				GCC_NO_COMMON_BLOCKS = YES;
				GCC_WARN_64_TO_32_BIT_CONVERSION = YES;
				GCC_WARN_ABOUT_RETURN_TYPE = YES_ERROR;
				GCC_WARN_UNDECLARED_SELECTOR = YES;
				GCC_WARN_UNINITIALIZED_AUTOS = YES_AGGRESSIVE;
				GCC_WARN_UNUSED_FUNCTION = YES;
				GCC_WARN_UNUSED_VARIABLE = YES;
				IPHONEOS_DEPLOYMENT_TARGET = 16.0;
				MTL_ENABLE_DEBUG_INFO = NO;
				MTL_FAST_MATH = YES;
				SDKROOT = iphoneos;
				SWIFT_COMPILATION_MODE = wholemodule;
				SWIFT_OPTIMIZATION_LEVEL = "-O";
				VALIDATE_PRODUCT = YES;
			};
			name = Release;
		};
		172E15C028EED064003CF231 /* Debug */ = {
			isa = XCBuildConfiguration;
			buildSettings = {
				ASSETCATALOG_COMPILER_APPICON_NAME = AppIcon;
				ASSETCATALOG_COMPILER_GLOBAL_ACCENT_COLOR_NAME = AccentColor;
				CODE_SIGN_STYLE = Automatic;
				CURRENT_PROJECT_VERSION = 1;
				DEVELOPMENT_ASSET_PATHS = "\"BullEye/Preview Content\"";
				ENABLE_PREVIEWS = YES;
				GENERATE_INFOPLIST_FILE = YES;
				INFOPLIST_KEY_UIApplicationSceneManifest_Generation = YES;
				INFOPLIST_KEY_UIApplicationSupportsIndirectInputEvents = YES;
				INFOPLIST_KEY_UILaunchScreen_Generation = YES;
				INFOPLIST_KEY_UISupportedInterfaceOrientations_iPad = "UIInterfaceOrientationPortrait UIInterfaceOrientationPortraitUpsideDown UIInterfaceOrientationLandscapeLeft UIInterfaceOrientationLandscapeRight";
				INFOPLIST_KEY_UISupportedInterfaceOrientations_iPhone = "UIInterfaceOrientationPortrait UIInterfaceOrientationLandscapeLeft UIInterfaceOrientationLandscapeRight";
				LD_RUNPATH_SEARCH_PATHS = (
					"$(inherited)",
					"@executable_path/Frameworks",
				);
				MARKETING_VERSION = 1.0;
				PRODUCT_BUNDLE_IDENTIFIER = trung.BullEye;
				PRODUCT_NAME = "$(TARGET_NAME)";
				SWIFT_EMIT_LOC_STRINGS = YES;
				SWIFT_VERSION = 5.0;
				TARGETED_DEVICE_FAMILY = "1,2";
			};
			name = Debug;
		};
		172E15C128EED064003CF231 /* Release */ = {
			isa = XCBuildConfiguration;
			buildSettings = {
				ASSETCATALOG_COMPILER_APPICON_NAME = AppIcon;
				ASSETCATALOG_COMPILER_GLOBAL_ACCENT_COLOR_NAME = AccentColor;
				CODE_SIGN_STYLE = Automatic;
				CURRENT_PROJECT_VERSION = 1;
				DEVELOPMENT_ASSET_PATHS = "\"BullEye/Preview Content\"";
				ENABLE_PREVIEWS = YES;
				GENERATE_INFOPLIST_FILE = YES;
				INFOPLIST_KEY_UIApplicationSceneManifest_Generation = YES;
				INFOPLIST_KEY_UIApplicationSupportsIndirectInputEvents = YES;
				INFOPLIST_KEY_UILaunchScreen_Generation = YES;
				INFOPLIST_KEY_UISupportedInterfaceOrientations_iPad = "UIInterfaceOrientationPortrait UIInterfaceOrientationPortraitUpsideDown UIInterfaceOrientationLandscapeLeft UIInterfaceOrientationLandscapeRight";
				INFOPLIST_KEY_UISupportedInterfaceOrientations_iPhone = "UIInterfaceOrientationPortrait UIInterfaceOrientationLandscapeLeft UIInterfaceOrientationLandscapeRight";
				LD_RUNPATH_SEARCH_PATHS = (
					"$(inherited)",
					"@executable_path/Frameworks",
				);
				MARKETING_VERSION = 1.0;
				PRODUCT_BUNDLE_IDENTIFIER = trung.BullEye;
				PRODUCT_NAME = "$(TARGET_NAME)";
				SWIFT_EMIT_LOC_STRINGS = YES;
				SWIFT_VERSION = 5.0;
				TARGETED_DEVICE_FAMILY = "1,2";
			};
			name = Release;
		};
		172E15C328EED064003CF231 /* Debug */ = {
			isa = XCBuildConfiguration;
			buildSettings = {
				ALWAYS_EMBED_SWIFT_STANDARD_LIBRARIES = YES;
				BUNDLE_LOADER = "$(TEST_HOST)";
				CODE_SIGN_STYLE = Automatic;
				CURRENT_PROJECT_VERSION = 1;
				GENERATE_INFOPLIST_FILE = YES;
				IPHONEOS_DEPLOYMENT_TARGET = 16.0;
				MARKETING_VERSION = 1.0;
				PRODUCT_BUNDLE_IDENTIFIER = trung.BullEyeTests;
				PRODUCT_NAME = "$(TARGET_NAME)";
				SWIFT_EMIT_LOC_STRINGS = NO;
				SWIFT_VERSION = 5.0;
				TARGETED_DEVICE_FAMILY = "1,2";
				TEST_HOST = "$(BUILT_PRODUCTS_DIR)/BullEye.app/$(BUNDLE_EXECUTABLE_FOLDER_PATH)/BullEye";
			};
			name = Debug;
		};
		172E15C428EED064003CF231 /* Release */ = {
			isa = XCBuildConfiguration;
			buildSettings = {
				ALWAYS_EMBED_SWIFT_STANDARD_LIBRARIES = YES;
				BUNDLE_LOADER = "$(TEST_HOST)";
				CODE_SIGN_STYLE = Automatic;
				CURRENT_PROJECT_VERSION = 1;
				GENERATE_INFOPLIST_FILE = YES;
				IPHONEOS_DEPLOYMENT_TARGET = 16.0;
				MARKETING_VERSION = 1.0;
				PRODUCT_BUNDLE_IDENTIFIER = trung.BullEyeTests;
				PRODUCT_NAME = "$(TARGET_NAME)";
				SWIFT_EMIT_LOC_STRINGS = NO;
				SWIFT_VERSION = 5.0;
				TARGETED_DEVICE_FAMILY = "1,2";
				TEST_HOST = "$(BUILT_PRODUCTS_DIR)/BullEye.app/$(BUNDLE_EXECUTABLE_FOLDER_PATH)/BullEye";
			};
			name = Release;
		};
		172E15C628EED064003CF231 /* Debug */ = {
			isa = XCBuildConfiguration;
			buildSettings = {
				ALWAYS_EMBED_SWIFT_STANDARD_LIBRARIES = YES;
				CODE_SIGN_STYLE = Automatic;
				CURRENT_PROJECT_VERSION = 1;
				GENERATE_INFOPLIST_FILE = YES;
				MARKETING_VERSION = 1.0;
				PRODUCT_BUNDLE_IDENTIFIER = trung.BullEyeUITests;
				PRODUCT_NAME = "$(TARGET_NAME)";
				SWIFT_EMIT_LOC_STRINGS = NO;
				SWIFT_VERSION = 5.0;
				TARGETED_DEVICE_FAMILY = "1,2";
				TEST_TARGET_NAME = BullEye;
			};
			name = Debug;
		};
		172E15C728EED064003CF231 /* Release */ = {
			isa = XCBuildConfiguration;
			buildSettings = {
				ALWAYS_EMBED_SWIFT_STANDARD_LIBRARIES = YES;
				CODE_SIGN_STYLE = Automatic;
				CURRENT_PROJECT_VERSION = 1;
				GENERATE_INFOPLIST_FILE = YES;
				MARKETING_VERSION = 1.0;
				PRODUCT_BUNDLE_IDENTIFIER = trung.BullEyeUITests;
				PRODUCT_NAME = "$(TARGET_NAME)";
				SWIFT_EMIT_LOC_STRINGS = NO;
				SWIFT_VERSION = 5.0;
				TARGETED_DEVICE_FAMILY = "1,2";
				TEST_TARGET_NAME = BullEye;
			};
			name = Release;
		};
/* End XCBuildConfiguration section */

/* Begin XCConfigurationList section */
		172E159628EED063003CF231 /* Build configuration list for PBXProject "BullEye" */ = {
			isa = XCConfigurationList;
			buildConfigurations = (
				172E15BD28EED064003CF231 /* Debug */,
				172E15BE28EED064003CF231 /* Release */,
			);
			defaultConfigurationIsVisible = 0;
			defaultConfigurationName = Release;
		};
		172E15BF28EED064003CF231 /* Build configuration list for PBXNativeTarget "BullEye" */ = {
			isa = XCConfigurationList;
			buildConfigurations = (
				172E15C028EED064003CF231 /* Debug */,
				172E15C128EED064003CF231 /* Release */,
			);
			defaultConfigurationIsVisible = 0;
			defaultConfigurationName = Release;
		};
		172E15C228EED064003CF231 /* Build configuration list for PBXNativeTarget "BullEyeTests" */ = {
			isa = XCConfigurationList;
			buildConfigurations = (
				172E15C328EED064003CF231 /* Debug */,
				172E15C428EED064003CF231 /* Release */,
			);
			defaultConfigurationIsVisible = 0;
			defaultConfigurationName = Release;
		};
		172E15C528EED064003CF231 /* Build configuration list for PBXNativeTarget "BullEyeUITests" */ = {
			isa = XCConfigurationList;
			buildConfigurations = (
				172E15C628EED064003CF231 /* Debug */,
				172E15C728EED064003CF231 /* Release */,
			);
			defaultConfigurationIsVisible = 0;
			defaultConfigurationName = Release;
		};
/* End XCConfigurationList section */
	};
	rootObject = 172E159328EED063003CF231 /* Project object */;
}
