// !$*UTF8*$!
{
	archiveVersion = 1;
	classes = {
	};
	objectVersion = 56;
	objects = {

/* Begin PBXBuildFile section */
		17B5DDE8290BA157003AFEA3 /* AppDelegate.swift in Sources */ = {isa = PBXBuildFile; fileRef = 17B5DDE7290BA157003AFEA3 /* AppDelegate.swift */; };
		17B5DDEA290BA157003AFEA3 /* SceneDelegate.swift in Sources */ = {isa = PBXBuildFile; fileRef = 17B5DDE9290BA157003AFEA3 /* SceneDelegate.swift */; };
		17B5DDEC290BA157003AFEA3 /* ViewController.swift in Sources */ = {isa = PBXBuildFile; fileRef = 17B5DDEB290BA157003AFEA3 /* ViewController.swift */; };
		17B5DDEF290BA157003AFEA3 /* Main.storyboard in Resources */ = {isa = PBXBuildFile; fileRef = 17B5DDED290BA157003AFEA3 /* Main.storyboard */; };
		17B5DDF1290BA158003AFEA3 /* Assets.xcassets in Resources */ = {isa = PBXBuildFile; fileRef = 17B5DDF0290BA158003AFEA3 /* Assets.xcassets */; };
		17B5DDF4290BA158003AFEA3 /* LaunchScreen.storyboard in Resources */ = {isa = PBXBuildFile; fileRef = 17B5DDF2290BA158003AFEA3 /* LaunchScreen.storyboard */; };
		17B5DDFF290BA158003AFEA3 /* TestBLETests.swift in Sources */ = {isa = PBXBuildFile; fileRef = 17B5DDFE290BA158003AFEA3 /* TestBLETests.swift */; };
		17B5DE09290BA158003AFEA3 /* TestBLEUITests.swift in Sources */ = {isa = PBXBuildFile; fileRef = 17B5DE08290BA158003AFEA3 /* TestBLEUITests.swift */; };
		17B5DE0B290BA158003AFEA3 /* TestBLEUITestsLaunchTests.swift in Sources */ = {isa = PBXBuildFile; fileRef = 17B5DE0A290BA158003AFEA3 /* TestBLEUITestsLaunchTests.swift */; };
/* End PBXBuildFile section */

/* Begin PBXContainerItemProxy section */
		17B5DDFB290BA158003AFEA3 /* PBXContainerItemProxy */ = {
			isa = PBXContainerItemProxy;
			containerPortal = 17B5DDDC290BA156003AFEA3 /* Project object */;
			proxyType = 1;
			remoteGlobalIDString = 17B5DDE3290BA156003AFEA3;
			remoteInfo = TestBLE;
		};
		17B5DE05290BA158003AFEA3 /* PBXContainerItemProxy */ = {
			isa = PBXContainerItemProxy;
			containerPortal = 17B5DDDC290BA156003AFEA3 /* Project object */;
			proxyType = 1;
			remoteGlobalIDString = 17B5DDE3290BA156003AFEA3;
			remoteInfo = TestBLE;
		};
/* End PBXContainerItemProxy section */

/* Begin PBXFileReference section */
		17B5DDE4290BA156003AFEA3 /* TestBLE.app */ = {isa = PBXFileReference; explicitFileType = wrapper.application; includeInIndex = 0; path = TestBLE.app; sourceTree = BUILT_PRODUCTS_DIR; };
		17B5DDE7290BA157003AFEA3 /* AppDelegate.swift */ = {isa = PBXFileReference; lastKnownFileType = sourcecode.swift; path = AppDelegate.swift; sourceTree = "<group>"; };
		17B5DDE9290BA157003AFEA3 /* SceneDelegate.swift */ = {isa = PBXFileReference; lastKnownFileType = sourcecode.swift; path = SceneDelegate.swift; sourceTree = "<group>"; };
		17B5DDEB290BA157003AFEA3 /* ViewController.swift */ = {isa = PBXFileReference; lastKnownFileType = sourcecode.swift; path = ViewController.swift; sourceTree = "<group>"; };
		17B5DDEE290BA157003AFEA3 /* Base */ = {isa = PBXFileReference; lastKnownFileType = file.storyboard; name = Base; path = Base.lproj/Main.storyboard; sourceTree = "<group>"; };
		17B5DDF0290BA158003AFEA3 /* Assets.xcassets */ = {isa = PBXFileReference; lastKnownFileType = folder.assetcatalog; path = Assets.xcassets; sourceTree = "<group>"; };
		17B5DDF3290BA158003AFEA3 /* Base */ = {isa = PBXFileReference; lastKnownFileType = file.storyboard; name = Base; path = Base.lproj/LaunchScreen.storyboard; sourceTree = "<group>"; };
		17B5DDF5290BA158003AFEA3 /* Info.plist */ = {isa = PBXFileReference; lastKnownFileType = text.plist.xml; path = Info.plist; sourceTree = "<group>"; };
		17B5DDFA290BA158003AFEA3 /* TestBLETests.xctest */ = {isa = PBXFileReference; explicitFileType = wrapper.cfbundle; includeInIndex = 0; path = TestBLETests.xctest; sourceTree = BUILT_PRODUCTS_DIR; };
		17B5DDFE290BA158003AFEA3 /* TestBLETests.swift */ = {isa = PBXFileReference; lastKnownFileType = sourcecode.swift; path = TestBLETests.swift; sourceTree = "<group>"; };
		17B5DE04290BA158003AFEA3 /* TestBLEUITests.xctest */ = {isa = PBXFileReference; explicitFileType = wrapper.cfbundle; includeInIndex = 0; path = TestBLEUITests.xctest; sourceTree = BUILT_PRODUCTS_DIR; };
		17B5DE08290BA158003AFEA3 /* TestBLEUITests.swift */ = {isa = PBXFileReference; lastKnownFileType = sourcecode.swift; path = TestBLEUITests.swift; sourceTree = "<group>"; };
		17B5DE0A290BA158003AFEA3 /* TestBLEUITestsLaunchTests.swift */ = {isa = PBXFileReference; lastKnownFileType = sourcecode.swift; path = TestBLEUITestsLaunchTests.swift; sourceTree = "<group>"; };
/* End PBXFileReference section */

/* Begin PBXFrameworksBuildPhase section */
		17B5DDE1290BA156003AFEA3 /* Frameworks */ = {
			isa = PBXFrameworksBuildPhase;
			buildActionMask = 2147483647;
			files = (
			);
			runOnlyForDeploymentPostprocessing = 0;
		};
		17B5DDF7290BA158003AFEA3 /* Frameworks */ = {
			isa = PBXFrameworksBuildPhase;
			buildActionMask = 2147483647;
			files = (
			);
			runOnlyForDeploymentPostprocessing = 0;
		};
		17B5DE01290BA158003AFEA3 /* Frameworks */ = {
			isa = PBXFrameworksBuildPhase;
			buildActionMask = 2147483647;
			files = (
			);
			runOnlyForDeploymentPostprocessing = 0;
		};
/* End PBXFrameworksBuildPhase section */

/* Begin PBXGroup section */
		17B5DDDB290BA156003AFEA3 = {
			isa = PBXGroup;
			children = (
				17B5DDE6290BA157003AFEA3 /* TestBLE */,
				17B5DDFD290BA158003AFEA3 /* TestBLETests */,
				17B5DE07290BA158003AFEA3 /* TestBLEUITests */,
				17B5DDE5290BA156003AFEA3 /* Products */,
			);
			sourceTree = "<group>";
		};
		17B5DDE5290BA156003AFEA3 /* Products */ = {
			isa = PBXGroup;
			children = (
				17B5DDE4290BA156003AFEA3 /* TestBLE.app */,
				17B5DDFA290BA158003AFEA3 /* TestBLETests.xctest */,
				17B5DE04290BA158003AFEA3 /* TestBLEUITests.xctest */,
			);
			name = Products;
			sourceTree = "<group>";
		};
		17B5DDE6290BA157003AFEA3 /* TestBLE */ = {
			isa = PBXGroup;
			children = (
				17B5DDE7290BA157003AFEA3 /* AppDelegate.swift */,
				17B5DDE9290BA157003AFEA3 /* SceneDelegate.swift */,
				17B5DDEB290BA157003AFEA3 /* ViewController.swift */,
				17B5DDED290BA157003AFEA3 /* Main.storyboard */,
				17B5DDF0290BA158003AFEA3 /* Assets.xcassets */,
				17B5DDF2290BA158003AFEA3 /* LaunchScreen.storyboard */,
				17B5DDF5290BA158003AFEA3 /* Info.plist */,
			);
			path = TestBLE;
			sourceTree = "<group>";
		};
		17B5DDFD290BA158003AFEA3 /* TestBLETests */ = {
			isa = PBXGroup;
			children = (
				17B5DDFE290BA158003AFEA3 /* TestBLETests.swift */,
			);
			path = TestBLETests;
			sourceTree = "<group>";
		};
		17B5DE07290BA158003AFEA3 /* TestBLEUITests */ = {
			isa = PBXGroup;
			children = (
				17B5DE08290BA158003AFEA3 /* TestBLEUITests.swift */,
				17B5DE0A290BA158003AFEA3 /* TestBLEUITestsLaunchTests.swift */,
			);
			path = TestBLEUITests;
			sourceTree = "<group>";
		};
/* End PBXGroup section */

/* Begin PBXNativeTarget section */
		17B5DDE3290BA156003AFEA3 /* TestBLE */ = {
			isa = PBXNativeTarget;
			buildConfigurationList = 17B5DE0E290BA158003AFEA3 /* Build configuration list for PBXNativeTarget "TestBLE" */;
			buildPhases = (
				17B5DDE0290BA156003AFEA3 /* Sources */,
				17B5DDE1290BA156003AFEA3 /* Frameworks */,
				17B5DDE2290BA156003AFEA3 /* Resources */,
			);
			buildRules = (
			);
			dependencies = (
			);
			name = TestBLE;
			productName = TestBLE;
			productReference = 17B5DDE4290BA156003AFEA3 /* TestBLE.app */;
			productType = "com.apple.product-type.application";
		};
		17B5DDF9290BA158003AFEA3 /* TestBLETests */ = {
			isa = PBXNativeTarget;
			buildConfigurationList = 17B5DE11290BA158003AFEA3 /* Build configuration list for PBXNativeTarget "TestBLETests" */;
			buildPhases = (
				17B5DDF6290BA158003AFEA3 /* Sources */,
				17B5DDF7290BA158003AFEA3 /* Frameworks */,
				17B5DDF8290BA158003AFEA3 /* Resources */,
			);
			buildRules = (
			);
			dependencies = (
				17B5DDFC290BA158003AFEA3 /* PBXTargetDependency */,
			);
			name = TestBLETests;
			productName = TestBLETests;
			productReference = 17B5DDFA290BA158003AFEA3 /* TestBLETests.xctest */;
			productType = "com.apple.product-type.bundle.unit-test";
		};
		17B5DE03290BA158003AFEA3 /* TestBLEUITests */ = {
			isa = PBXNativeTarget;
			buildConfigurationList = 17B5DE14290BA158003AFEA3 /* Build configuration list for PBXNativeTarget "TestBLEUITests" */;
			buildPhases = (
				17B5DE00290BA158003AFEA3 /* Sources */,
				17B5DE01290BA158003AFEA3 /* Frameworks */,
				17B5DE02290BA158003AFEA3 /* Resources */,
			);
			buildRules = (
			);
			dependencies = (
				17B5DE06290BA158003AFEA3 /* PBXTargetDependency */,
			);
			name = TestBLEUITests;
			productName = TestBLEUITests;
			productReference = 17B5DE04290BA158003AFEA3 /* TestBLEUITests.xctest */;
			productType = "com.apple.product-type.bundle.ui-testing";
		};
/* End PBXNativeTarget section */

/* Begin PBXProject section */
		17B5DDDC290BA156003AFEA3 /* Project object */ = {
			isa = PBXProject;
			attributes = {
				BuildIndependentTargetsInParallel = 1;
				LastSwiftUpdateCheck = 1400;
				LastUpgradeCheck = 1400;
				TargetAttributes = {
					17B5DDE3290BA156003AFEA3 = {
						CreatedOnToolsVersion = 14.0.1;
					};
					17B5DDF9290BA158003AFEA3 = {
						CreatedOnToolsVersion = 14.0.1;
						TestTargetID = 17B5DDE3290BA156003AFEA3;
					};
					17B5DE03290BA158003AFEA3 = {
						CreatedOnToolsVersion = 14.0.1;
						TestTargetID = 17B5DDE3290BA156003AFEA3;
					};
				};
			};
			buildConfigurationList = 17B5DDDF290BA156003AFEA3 /* Build configuration list for PBXProject "TestBLE" */;
			compatibilityVersion = "Xcode 14.0";
			developmentRegion = en;
			hasScannedForEncodings = 0;
			knownRegions = (
				en,
				Base,
			);
			mainGroup = 17B5DDDB290BA156003AFEA3;
			productRefGroup = 17B5DDE5290BA156003AFEA3 /* Products */;
			projectDirPath = "";
			projectRoot = "";
			targets = (
				17B5DDE3290BA156003AFEA3 /* TestBLE */,
				17B5DDF9290BA158003AFEA3 /* TestBLETests */,
				17B5DE03290BA158003AFEA3 /* TestBLEUITests */,
			);
		};
/* End PBXProject section */

/* Begin PBXResourcesBuildPhase section */
		17B5DDE2290BA156003AFEA3 /* Resources */ = {
			isa = PBXResourcesBuildPhase;
			buildActionMask = 2147483647;
			files = (
				17B5DDF4290BA158003AFEA3 /* LaunchScreen.storyboard in Resources */,
				17B5DDF1290BA158003AFEA3 /* Assets.xcassets in Resources */,
				17B5DDEF290BA157003AFEA3 /* Main.storyboard in Resources */,
			);
			runOnlyForDeploymentPostprocessing = 0;
		};
		17B5DDF8290BA158003AFEA3 /* Resources */ = {
			isa = PBXResourcesBuildPhase;
			buildActionMask = 2147483647;
			files = (
			);
			runOnlyForDeploymentPostprocessing = 0;
		};
		17B5DE02290BA158003AFEA3 /* Resources */ = {
			isa = PBXResourcesBuildPhase;
			buildActionMask = 2147483647;
			files = (
			);
			runOnlyForDeploymentPostprocessing = 0;
		};
/* End PBXResourcesBuildPhase section */

/* Begin PBXSourcesBuildPhase section */
		17B5DDE0290BA156003AFEA3 /* Sources */ = {
			isa = PBXSourcesBuildPhase;
			buildActionMask = 2147483647;
			files = (
				17B5DDEC290BA157003AFEA3 /* ViewController.swift in Sources */,
				17B5DDE8290BA157003AFEA3 /* AppDelegate.swift in Sources */,
				17B5DDEA290BA157003AFEA3 /* SceneDelegate.swift in Sources */,
			);
			runOnlyForDeploymentPostprocessing = 0;
		};
		17B5DDF6290BA158003AFEA3 /* Sources */ = {
			isa = PBXSourcesBuildPhase;
			buildActionMask = 2147483647;
			files = (
				17B5DDFF290BA158003AFEA3 /* TestBLETests.swift in Sources */,
			);
			runOnlyForDeploymentPostprocessing = 0;
		};
		17B5DE00290BA158003AFEA3 /* Sources */ = {
			isa = PBXSourcesBuildPhase;
			buildActionMask = 2147483647;
			files = (
				17B5DE0B290BA158003AFEA3 /* TestBLEUITestsLaunchTests.swift in Sources */,
				17B5DE09290BA158003AFEA3 /* TestBLEUITests.swift in Sources */,
			);
			runOnlyForDeploymentPostprocessing = 0;
		};
/* End PBXSourcesBuildPhase section */

/* Begin PBXTargetDependency section */
		17B5DDFC290BA158003AFEA3 /* PBXTargetDependency */ = {
			isa = PBXTargetDependency;
			target = 17B5DDE3290BA156003AFEA3 /* TestBLE */;
			targetProxy = 17B5DDFB290BA158003AFEA3 /* PBXContainerItemProxy */;
		};
		17B5DE06290BA158003AFEA3 /* PBXTargetDependency */ = {
			isa = PBXTargetDependency;
			target = 17B5DDE3290BA156003AFEA3 /* TestBLE */;
			targetProxy = 17B5DE05290BA158003AFEA3 /* PBXContainerItemProxy */;
		};
/* End PBXTargetDependency section */

/* Begin PBXVariantGroup section */
		17B5DDED290BA157003AFEA3 /* Main.storyboard */ = {
			isa = PBXVariantGroup;
			children = (
				17B5DDEE290BA157003AFEA3 /* Base */,
			);
			name = Main.storyboard;
			sourceTree = "<group>";
		};
		17B5DDF2290BA158003AFEA3 /* LaunchScreen.storyboard */ = {
			isa = PBXVariantGroup;
			children = (
				17B5DDF3290BA158003AFEA3 /* Base */,
			);
			name = LaunchScreen.storyboard;
			sourceTree = "<group>";
		};
/* End PBXVariantGroup section */

/* Begin XCBuildConfiguration section */
		17B5DE0C290BA158003AFEA3 /* Debug */ = {
			isa = XCBuildConfiguration;
			buildSettings = {
				ALWAYS_SEARCH_USER_PATHS = NO;
				CLANG_ANALYZER_NONNULL = YES;
				CLANG_ANALYZER_NUMBER_OBJECT_CONVERSION = YES_AGGRESSIVE;
				CLANG_CXX_LANGUAGE_STANDARD = "gnu++20";
				CLANG_ENABLE_MODULES = YES;
				CLANG_ENABLE_OBJC_ARC = YES;
				CLANG_ENABLE_OBJC_WEAK = YES;
				CLANG_WARN_BLOCK_CAPTURE_AUTORELEASING = YES;
				CLANG_WARN_BOOL_CONVERSION = YES;
				CLANG_WARN_COMMA = YES;
				CLANG_WARN_CONSTANT_CONVERSION = YES;
				CLANG_WARN_DEPRECATED_OBJC_IMPLEMENTATIONS = YES;
				CLANG_WARN_DIRECT_OBJC_ISA_USAGE = YES_ERROR;
				CLANG_WARN_DOCUMENTATION_COMMENTS = YES;
				CLANG_WARN_EMPTY_BODY = YES;
				CLANG_WARN_ENUM_CONVERSION = YES;
				CLANG_WARN_INFINITE_RECURSION = YES;
				CLANG_WARN_INT_CONVERSION = YES;
				CLANG_WARN_NON_LITERAL_NULL_CONVERSION = YES;
				CLANG_WARN_OBJC_IMPLICIT_RETAIN_SELF = YES;
				CLANG_WARN_OBJC_LITERAL_CONVERSION = YES;
				CLANG_WARN_OBJC_ROOT_CLASS = YES_ERROR;
				CLANG_WARN_QUOTED_INCLUDE_IN_FRAMEWORK_HEADER = YES;
				CLANG_WARN_RANGE_LOOP_ANALYSIS = YES;
				CLANG_WARN_STRICT_PROTOTYPES = YES;
				CLANG_WARN_SUSPICIOUS_MOVE = YES;
				CLANG_WARN_UNGUARDED_AVAILABILITY = YES_AGGRESSIVE;
				CLANG_WARN_UNREACHABLE_CODE = YES;
				CLANG_WARN__DUPLICATE_METHOD_MATCH = YES;
				COPY_PHASE_STRIP = NO;
				DEBUG_INFORMATION_FORMAT = dwarf;
				ENABLE_STRICT_OBJC_MSGSEND = YES;
				ENABLE_TESTABILITY = YES;
				GCC_C_LANGUAGE_STANDARD = gnu11;
				GCC_DYNAMIC_NO_PIC = NO;
				GCC_NO_COMMON_BLOCKS = YES;
				GCC_OPTIMIZATION_LEVEL = 0;
				GCC_PREPROCESSOR_DEFINITIONS = (
					"DEBUG=1",
					"$(inherited)",
				);
				GCC_WARN_64_TO_32_BIT_CONVERSION = YES;
				GCC_WARN_ABOUT_RETURN_TYPE = YES_ERROR;
				GCC_WARN_UNDECLARED_SELECTOR = YES;
				GCC_WARN_UNINITIALIZED_AUTOS = YES_AGGRESSIVE;
				GCC_WARN_UNUSED_FUNCTION = YES;
				GCC_WARN_UNUSED_VARIABLE = YES;
				IPHONEOS_DEPLOYMENT_TARGET = 16.0;
				MTL_ENABLE_DEBUG_INFO = INCLUDE_SOURCE;
				MTL_FAST_MATH = YES;
				ONLY_ACTIVE_ARCH = YES;
				SDKROOT = iphoneos;
				SWIFT_ACTIVE_COMPILATION_CONDITIONS = DEBUG;
				SWIFT_OPTIMIZATION_LEVEL = "-Onone";
			};
			name = Debug;
		};
		17B5DE0D290BA158003AFEA3 /* Release */ = {
			isa = XCBuildConfiguration;
			buildSettings = {
				ALWAYS_SEARCH_USER_PATHS = NO;
				CLANG_ANALYZER_NONNULL = YES;
				CLANG_ANALYZER_NUMBER_OBJECT_CONVERSION = YES_AGGRESSIVE;
				CLANG_CXX_LANGUAGE_STANDARD = "gnu++20";
				CLANG_ENABLE_MODULES = YES;
				CLANG_ENABLE_OBJC_ARC = YES;
				CLANG_ENABLE_OBJC_WEAK = YES;
				CLANG_WARN_BLOCK_CAPTURE_AUTORELEASING = YES;
				CLANG_WARN_BOOL_CONVERSION = YES;
				CLANG_WARN_COMMA = YES;
				CLANG_WARN_CONSTANT_CONVERSION = YES;
				CLANG_WARN_DEPRECATED_OBJC_IMPLEMENTATIONS = YES;
				CLANG_WARN_DIRECT_OBJC_ISA_USAGE = YES_ERROR;
				CLANG_WARN_DOCUMENTATION_COMMENTS = YES;
				CLANG_WARN_EMPTY_BODY = YES;
				CLANG_WARN_ENUM_CONVERSION = YES;
				CLANG_WARN_INFINITE_RECURSION = YES;
				CLANG_WARN_INT_CONVERSION = YES;
				CLANG_WARN_NON_LITERAL_NULL_CONVERSION = YES;
				CLANG_WARN_OBJC_IMPLICIT_RETAIN_SELF = YES;
				CLANG_WARN_OBJC_LITERAL_CONVERSION = YES;
				CLANG_WARN_OBJC_ROOT_CLASS = YES_ERROR;
				CLANG_WARN_QUOTED_INCLUDE_IN_FRAMEWORK_HEADER = YES;
				CLANG_WARN_RANGE_LOOP_ANALYSIS = YES;
				CLANG_WARN_STRICT_PROTOTYPES = YES;
				CLANG_WARN_SUSPICIOUS_MOVE = YES;
				CLANG_WARN_UNGUARDED_AVAILABILITY = YES_AGGRESSIVE;
				CLANG_WARN_UNREACHABLE_CODE = YES;
				CLANG_WARN__DUPLICATE_METHOD_MATCH = YES;
				COPY_PHASE_STRIP = NO;
				DEBUG_INFORMATION_FORMAT = "dwarf-with-dsym";
				ENABLE_NS_ASSERTIONS = NO;
				ENABLE_STRICT_OBJC_MSGSEND = YES;
				GCC_C_LANGUAGE_STANDARD = gnu11;
				GCC_NO_COMMON_BLOCKS = YES;
				GCC_WARN_64_TO_32_BIT_CONVERSION = YES;
				GCC_WARN_ABOUT_RETURN_TYPE = YES_ERROR;
				GCC_WARN_UNDECLARED_SELECTOR = YES;
				GCC_WARN_UNINITIALIZED_AUTOS = YES_AGGRESSIVE;
				GCC_WARN_UNUSED_FUNCTION = YES;
				GCC_WARN_UNUSED_VARIABLE = YES;
				IPHONEOS_DEPLOYMENT_TARGET = 16.0;
				MTL_ENABLE_DEBUG_INFO = NO;
				MTL_FAST_MATH = YES;
				SDKROOT = iphoneos;
				SWIFT_COMPILATION_MODE = wholemodule;
				SWIFT_OPTIMIZATION_LEVEL = "-O";
				VALIDATE_PRODUCT = YES;
			};
			name = Release;
		};
		17B5DE0F290BA158003AFEA3 /* Debug */ = {
			isa = XCBuildConfiguration;
			buildSettings = {
				ASSETCATALOG_COMPILER_APPICON_NAME = AppIcon;
				ASSETCATALOG_COMPILER_GLOBAL_ACCENT_COLOR_NAME = AccentColor;
				CODE_SIGN_STYLE = Automatic;
				CURRENT_PROJECT_VERSION = 1;
				DEVELOPMENT_TEAM = H9XSDL5Z39;
				GENERATE_INFOPLIST_FILE = YES;
				INFOPLIST_FILE = TestBLE/Info.plist;
				INFOPLIST_KEY_UIApplicationSupportsIndirectInputEvents = YES;
				INFOPLIST_KEY_UILaunchStoryboardName = LaunchScreen;
				INFOPLIST_KEY_UIMainStoryboardFile = Main;
				INFOPLIST_KEY_UISupportedInterfaceOrientations_iPad = "UIInterfaceOrientationPortrait UIInterfaceOrientationPortraitUpsideDown UIInterfaceOrientationLandscapeLeft UIInterfaceOrientationLandscapeRight";
				INFOPLIST_KEY_UISupportedInterfaceOrientations_iPhone = "UIInterfaceOrientationPortrait UIInterfaceOrientationLandscapeLeft UIInterfaceOrientationLandscapeRight";
				LD_RUNPATH_SEARCH_PATHS = (
					"$(inherited)",
					"@executable_path/Frameworks",
				);
				MARKETING_VERSION = 1.0;
				PRODUCT_BUNDLE_IDENTIFIER = trung.TestBLE;
				PRODUCT_NAME = "$(TARGET_NAME)";
				SWIFT_EMIT_LOC_STRINGS = YES;
				SWIFT_VERSION = 5.0;
				TARGETED_DEVICE_FAMILY = "1,2";
			};
			name = Debug;
		};
		17B5DE10290BA158003AFEA3 /* Release */ = {
			isa = XCBuildConfiguration;
			buildSettings = {
				ASSETCATALOG_COMPILER_APPICON_NAME = AppIcon;
				ASSETCATALOG_COMPILER_GLOBAL_ACCENT_COLOR_NAME = AccentColor;
				CODE_SIGN_STYLE = Automatic;
				CURRENT_PROJECT_VERSION = 1;
				DEVELOPMENT_TEAM = H9XSDL5Z39;
				GENERATE_INFOPLIST_FILE = YES;
				INFOPLIST_FILE = TestBLE/Info.plist;
				INFOPLIST_KEY_UIApplicationSupportsIndirectInputEvents = YES;
				INFOPLIST_KEY_UILaunchStoryboardName = LaunchScreen;
				INFOPLIST_KEY_UIMainStoryboardFile = Main;
				INFOPLIST_KEY_UISupportedInterfaceOrientations_iPad = "UIInterfaceOrientationPortrait UIInterfaceOrientationPortraitUpsideDown UIInterfaceOrientationLandscapeLeft UIInterfaceOrientationLandscapeRight";
				INFOPLIST_KEY_UISupportedInterfaceOrientations_iPhone = "UIInterfaceOrientationPortrait UIInterfaceOrientationLandscapeLeft UIInterfaceOrientationLandscapeRight";
				LD_RUNPATH_SEARCH_PATHS = (
					"$(inherited)",
					"@executable_path/Frameworks",
				);
				MARKETING_VERSION = 1.0;
				PRODUCT_BUNDLE_IDENTIFIER = trung.TestBLE;
				PRODUCT_NAME = "$(TARGET_NAME)";
				SWIFT_EMIT_LOC_STRINGS = YES;
				SWIFT_VERSION = 5.0;
				TARGETED_DEVICE_FAMILY = "1,2";
			};
			name = Release;
		};
		17B5DE12290BA158003AFEA3 /* Debug */ = {
			isa = XCBuildConfiguration;
			buildSettings = {
				ALWAYS_EMBED_SWIFT_STANDARD_LIBRARIES = YES;
				BUNDLE_LOADER = "$(TEST_HOST)";
				CODE_SIGN_STYLE = Automatic;
				CURRENT_PROJECT_VERSION = 1;
				DEVELOPMENT_TEAM = H9XSDL5Z39;
				GENERATE_INFOPLIST_FILE = YES;
				IPHONEOS_DEPLOYMENT_TARGET = 16.0;
				MARKETING_VERSION = 1.0;
				PRODUCT_BUNDLE_IDENTIFIER = trung.TestBLETests;
				PRODUCT_NAME = "$(TARGET_NAME)";
				SWIFT_EMIT_LOC_STRINGS = NO;
				SWIFT_VERSION = 5.0;
				TARGETED_DEVICE_FAMILY = "1,2";
				TEST_HOST = "$(BUILT_PRODUCTS_DIR)/TestBLE.app/$(BUNDLE_EXECUTABLE_FOLDER_PATH)/TestBLE";
			};
			name = Debug;
		};
		17B5DE13290BA158003AFEA3 /* Release */ = {
			isa = XCBuildConfiguration;
			buildSettings = {
				ALWAYS_EMBED_SWIFT_STANDARD_LIBRARIES = YES;
				BUNDLE_LOADER = "$(TEST_HOST)";
				CODE_SIGN_STYLE = Automatic;
				CURRENT_PROJECT_VERSION = 1;
				DEVELOPMENT_TEAM = H9XSDL5Z39;
				GENERATE_INFOPLIST_FILE = YES;
				IPHONEOS_DEPLOYMENT_TARGET = 16.0;
				MARKETING_VERSION = 1.0;
				PRODUCT_BUNDLE_IDENTIFIER = trung.TestBLETests;
				PRODUCT_NAME = "$(TARGET_NAME)";
				SWIFT_EMIT_LOC_STRINGS = NO;
				SWIFT_VERSION = 5.0;
				TARGETED_DEVICE_FAMILY = "1,2";
				TEST_HOST = "$(BUILT_PRODUCTS_DIR)/TestBLE.app/$(BUNDLE_EXECUTABLE_FOLDER_PATH)/TestBLE";
			};
			name = Release;
		};
		17B5DE15290BA158003AFEA3 /* Debug */ = {
			isa = XCBuildConfiguration;
			buildSettings = {
				ALWAYS_EMBED_SWIFT_STANDARD_LIBRARIES = YES;
				CODE_SIGN_STYLE = Automatic;
				CURRENT_PROJECT_VERSION = 1;
				DEVELOPMENT_TEAM = H9XSDL5Z39;
				GENERATE_INFOPLIST_FILE = YES;
				MARKETING_VERSION = 1.0;
				PRODUCT_BUNDLE_IDENTIFIER = trung.TestBLEUITests;
				PRODUCT_NAME = "$(TARGET_NAME)";
				SWIFT_EMIT_LOC_STRINGS = NO;
				SWIFT_VERSION = 5.0;
				TARGETED_DEVICE_FAMILY = "1,2";
				TEST_TARGET_NAME = TestBLE;
			};
			name = Debug;
		};
		17B5DE16290BA158003AFEA3 /* Release */ = {
			isa = XCBuildConfiguration;
			buildSettings = {
				ALWAYS_EMBED_SWIFT_STANDARD_LIBRARIES = YES;
				CODE_SIGN_STYLE = Automatic;
				CURRENT_PROJECT_VERSION = 1;
				DEVELOPMENT_TEAM = H9XSDL5Z39;
				GENERATE_INFOPLIST_FILE = YES;
				MARKETING_VERSION = 1.0;
				PRODUCT_BUNDLE_IDENTIFIER = trung.TestBLEUITests;
				PRODUCT_NAME = "$(TARGET_NAME)";
				SWIFT_EMIT_LOC_STRINGS = NO;
				SWIFT_VERSION = 5.0;
				TARGETED_DEVICE_FAMILY = "1,2";
				TEST_TARGET_NAME = TestBLE;
			};
			name = Release;
		};
/* End XCBuildConfiguration section */

/* Begin XCConfigurationList section */
		17B5DDDF290BA156003AFEA3 /* Build configuration list for PBXProject "TestBLE" */ = {
			isa = XCConfigurationList;
			buildConfigurations = (
				17B5DE0C290BA158003AFEA3 /* Debug */,
				17B5DE0D290BA158003AFEA3 /* Release */,
			);
			defaultConfigurationIsVisible = 0;
			defaultConfigurationName = Release;
		};
		17B5DE0E290BA158003AFEA3 /* Build configuration list for PBXNativeTarget "TestBLE" */ = {
			isa = XCConfigurationList;
			buildConfigurations = (
				17B5DE0F290BA158003AFEA3 /* Debug */,
				17B5DE10290BA158003AFEA3 /* Release */,
			);
			defaultConfigurationIsVisible = 0;
			defaultConfigurationName = Release;
		};
		17B5DE11290BA158003AFEA3 /* Build configuration list for PBXNativeTarget "TestBLETests" */ = {
			isa = XCConfigurationList;
			buildConfigurations = (
				17B5DE12290BA158003AFEA3 /* Debug */,
				17B5DE13290BA158003AFEA3 /* Release */,
			);
			defaultConfigurationIsVisible = 0;
			defaultConfigurationName = Release;
		};
		17B5DE14290BA158003AFEA3 /* Build configuration list for PBXNativeTarget "TestBLEUITests" */ = {
			isa = XCConfigurationList;
			buildConfigurations = (
				17B5DE15290BA158003AFEA3 /* Debug */,
				17B5DE16290BA158003AFEA3 /* Release */,
			);
			defaultConfigurationIsVisible = 0;
			defaultConfigurationName = Release;
		};
/* End XCConfigurationList section */
	};
	rootObject = 17B5DDDC290BA156003AFEA3 /* Project object */;
}
